// !$*UTF8*$!
{
	archiveVersion = 1;
	classes = {
	};
	objectVersion = 56;
	objects = {

/* Begin PBXBuildFile section */
		0D9544B52B0D60C900A59234 /* Starfield.swift in Sources */ = {isa = PBXBuildFile; fileRef = 0D9544B42B0D60C900A59234 /* Starfield.swift */; };
		0DA916C32B0C1FF700827731 /* AppDelegate.swift in Sources */ = {isa = PBXBuildFile; fileRef = 0DA916C22B0C1FF700827731 /* AppDelegate.swift */; };
		0DA916C52B0C1FF700827731 /* GameScene.sks in Resources */ = {isa = PBXBuildFile; fileRef = 0DA916C42B0C1FF700827731 /* GameScene.sks */; };
		0DA916C72B0C1FF700827731 /* Actions.sks in Resources */ = {isa = PBXBuildFile; fileRef = 0DA916C62B0C1FF700827731 /* Actions.sks */; };
		0DA916C92B0C1FF700827731 /* GameScene.swift in Sources */ = {isa = PBXBuildFile; fileRef = 0DA916C82B0C1FF700827731 /* GameScene.swift */; };
		0DA916CB2B0C1FF700827731 /* ViewController.swift in Sources */ = {isa = PBXBuildFile; fileRef = 0DA916CA2B0C1FF700827731 /* ViewController.swift */; };
		0DA916CD2B0C1FF900827731 /* Assets.xcassets in Resources */ = {isa = PBXBuildFile; fileRef = 0DA916CC2B0C1FF900827731 /* Assets.xcassets */; };
		0DA916D02B0C1FF900827731 /* Main.storyboard in Resources */ = {isa = PBXBuildFile; fileRef = 0DA916CE2B0C1FF900827731 /* Main.storyboard */; };
		0DA916D82B0C206E00827731 /* SpaceshipCrew.swift in Sources */ = {isa = PBXBuildFile; fileRef = 0DA916D72B0C206E00827731 /* SpaceshipCrew.swift */; };
		0DA916DA2B0C22AD00827731 /* CrewMember.swift in Sources */ = {isa = PBXBuildFile; fileRef = 0DA916D92B0C22AD00827731 /* CrewMember.swift */; };
		0DA916DC2B0C23BE00827731 /* Spaceship.swift in Sources */ = {isa = PBXBuildFile; fileRef = 0DA916DB2B0C23BE00827731 /* Spaceship.swift */; };
/* End PBXBuildFile section */

/* Begin PBXFileReference section */
		0D9544B42B0D60C900A59234 /* Starfield.swift */ = {isa = PBXFileReference; lastKnownFileType = sourcecode.swift; path = Starfield.swift; sourceTree = "<group>"; };
		0DA916BF2B0C1FF700827731 /* SpaceOpera2.app */ = {isa = PBXFileReference; explicitFileType = wrapper.application; includeInIndex = 0; path = SpaceOpera2.app; sourceTree = BUILT_PRODUCTS_DIR; };
		0DA916C22B0C1FF700827731 /* AppDelegate.swift */ = {isa = PBXFileReference; lastKnownFileType = sourcecode.swift; path = AppDelegate.swift; sourceTree = "<group>"; };
		0DA916C42B0C1FF700827731 /* GameScene.sks */ = {isa = PBXFileReference; lastKnownFileType = file.sks; path = GameScene.sks; sourceTree = "<group>"; };
		0DA916C62B0C1FF700827731 /* Actions.sks */ = {isa = PBXFileReference; lastKnownFileType = file.sks; path = Actions.sks; sourceTree = "<group>"; };
		0DA916C82B0C1FF700827731 /* GameScene.swift */ = {isa = PBXFileReference; lastKnownFileType = sourcecode.swift; path = GameScene.swift; sourceTree = "<group>"; };
		0DA916CA2B0C1FF700827731 /* ViewController.swift */ = {isa = PBXFileReference; lastKnownFileType = sourcecode.swift; path = ViewController.swift; sourceTree = "<group>"; };
		0DA916CC2B0C1FF900827731 /* Assets.xcassets */ = {isa = PBXFileReference; lastKnownFileType = folder.assetcatalog; path = Assets.xcassets; sourceTree = "<group>"; };
		0DA916CF2B0C1FF900827731 /* Base */ = {isa = PBXFileReference; lastKnownFileType = file.storyboard; name = Base; path = Base.lproj/Main.storyboard; sourceTree = "<group>"; };
		0DA916D12B0C1FF900827731 /* SpaceOpera2.entitlements */ = {isa = PBXFileReference; lastKnownFileType = text.plist.entitlements; path = SpaceOpera2.entitlements; sourceTree = "<group>"; };
		0DA916D72B0C206E00827731 /* SpaceshipCrew.swift */ = {isa = PBXFileReference; lastKnownFileType = sourcecode.swift; path = SpaceshipCrew.swift; sourceTree = "<group>"; };
		0DA916D92B0C22AD00827731 /* CrewMember.swift */ = {isa = PBXFileReference; lastKnownFileType = sourcecode.swift; path = CrewMember.swift; sourceTree = "<group>"; };
		0DA916DB2B0C23BE00827731 /* Spaceship.swift */ = {isa = PBXFileReference; lastKnownFileType = sourcecode.swift; path = Spaceship.swift; sourceTree = "<group>"; };
/* End PBXFileReference section */

/* Begin PBXFrameworksBuildPhase section */
		0DA916BC2B0C1FF700827731 /* Frameworks */ = {
			isa = PBXFrameworksBuildPhase;
			buildActionMask = 2147483647;
			files = (
			);
			runOnlyForDeploymentPostprocessing = 0;
		};
/* End PBXFrameworksBuildPhase section */

/* Begin PBXGroup section */
		0DA916B62B0C1FF700827731 = {
			isa = PBXGroup;
			children = (
				0DA916C12B0C1FF700827731 /* SpaceOpera2 */,
				0DA916C02B0C1FF700827731 /* Products */,
			);
			sourceTree = "<group>";
		};
		0DA916C02B0C1FF700827731 /* Products */ = {
			isa = PBXGroup;
			children = (
				0DA916BF2B0C1FF700827731 /* SpaceOpera2.app */,
			);
			name = Products;
			sourceTree = "<group>";
		};
		0DA916C12B0C1FF700827731 /* SpaceOpera2 */ = {
			isa = PBXGroup;
			children = (
				0DA916C22B0C1FF700827731 /* AppDelegate.swift */,
				0DA916C42B0C1FF700827731 /* GameScene.sks */,
				0DA916C62B0C1FF700827731 /* Actions.sks */,
				0DA916C82B0C1FF700827731 /* GameScene.swift */,
				0D9544B42B0D60C900A59234 /* Starfield.swift */,
				0DA916D72B0C206E00827731 /* SpaceshipCrew.swift */,
				0DA916D92B0C22AD00827731 /* CrewMember.swift */,
				0DA916DB2B0C23BE00827731 /* Spaceship.swift */,
				0DA916CA2B0C1FF700827731 /* ViewController.swift */,
				0DA916CC2B0C1FF900827731 /* Assets.xcassets */,
				0DA916CE2B0C1FF900827731 /* Main.storyboard */,
				0DA916D12B0C1FF900827731 /* SpaceOpera2.entitlements */,
			);
			path = SpaceOpera2;
			sourceTree = "<group>";
		};
/* End PBXGroup section */

/* Begin PBXNativeTarget section */
		0DA916BE2B0C1FF700827731 /* SpaceOpera2 */ = {
			isa = PBXNativeTarget;
			buildConfigurationList = 0DA916D42B0C1FF900827731 /* Build configuration list for PBXNativeTarget "SpaceOpera2" */;
			buildPhases = (
				0DA916BB2B0C1FF700827731 /* Sources */,
				0DA916BC2B0C1FF700827731 /* Frameworks */,
				0DA916BD2B0C1FF700827731 /* Resources */,
			);
			buildRules = (
			);
			dependencies = (
			);
			name = SpaceOpera2;
			productName = SpaceOpera2;
			productReference = 0DA916BF2B0C1FF700827731 /* SpaceOpera2.app */;
			productType = "com.apple.product-type.application";
		};
/* End PBXNativeTarget section */

/* Begin PBXProject section */
		0DA916B72B0C1FF700827731 /* Project object */ = {
			isa = PBXProject;
			attributes = {
				BuildIndependentTargetsInParallel = 1;
				LastSwiftUpdateCheck = 1500;
				LastUpgradeCheck = 1500;
				TargetAttributes = {
					0DA916BE2B0C1FF700827731 = {
						CreatedOnToolsVersion = 15.0.1;
					};
				};
			};
			buildConfigurationList = 0DA916BA2B0C1FF700827731 /* Build configuration list for PBXProject "SpaceOpera2" */;
			compatibilityVersion = "Xcode 14.0";
			developmentRegion = en;
			hasScannedForEncodings = 0;
			knownRegions = (
				en,
				Base,
			);
			mainGroup = 0DA916B62B0C1FF700827731;
			productRefGroup = 0DA916C02B0C1FF700827731 /* Products */;
			projectDirPath = "";
			projectRoot = "";
			targets = (
				0DA916BE2B0C1FF700827731 /* SpaceOpera2 */,
			);
		};
/* End PBXProject section */

/* Begin PBXResourcesBuildPhase section */
		0DA916BD2B0C1FF700827731 /* Resources */ = {
			isa = PBXResourcesBuildPhase;
			buildActionMask = 2147483647;
			files = (
				0DA916C52B0C1FF700827731 /* GameScene.sks in Resources */,
				0DA916CD2B0C1FF900827731 /* Assets.xcassets in Resources */,
				0DA916C72B0C1FF700827731 /* Actions.sks in Resources */,
				0DA916D02B0C1FF900827731 /* Main.storyboard in Resources */,
			);
			runOnlyForDeploymentPostprocessing = 0;
		};
/* End PBXResourcesBuildPhase section */

/* Begin PBXSourcesBuildPhase section */
		0DA916BB2B0C1FF700827731 /* Sources */ = {
			isa = PBXSourcesBuildPhase;
			buildActionMask = 2147483647;
			files = (
				0DA916DC2B0C23BE00827731 /* Spaceship.swift in Sources */,
				0D9544B52B0D60C900A59234 /* Starfield.swift in Sources */,
				0DA916CB2B0C1FF700827731 /* ViewController.swift in Sources */,
				0DA916C92B0C1FF700827731 /* GameScene.swift in Sources */,
				0DA916C32B0C1FF700827731 /* AppDelegate.swift in Sources */,
				0DA916D82B0C206E00827731 /* SpaceshipCrew.swift in Sources */,
				0DA916DA2B0C22AD00827731 /* CrewMember.swift in Sources */,
			);
			runOnlyForDeploymentPostprocessing = 0;
		};
/* End PBXSourcesBuildPhase section */

/* Begin PBXVariantGroup section */
		0DA916CE2B0C1FF900827731 /* Main.storyboard */ = {
			isa = PBXVariantGroup;
			children = (
				0DA916CF2B0C1FF900827731 /* Base */,
			);
			name = Main.storyboard;
			sourceTree = "<group>";
		};
/* End PBXVariantGroup section */

/* Begin XCBuildConfiguration section */
		0DA916D22B0C1FF900827731 /* Debug */ = {
			isa = XCBuildConfiguration;
			buildSettings = {
				ALWAYS_SEARCH_USER_PATHS = NO;
				ASSETCATALOG_COMPILER_GENERATE_SWIFT_ASSET_SYMBOL_EXTENSIONS = YES;
				CLANG_ANALYZER_NONNULL = YES;
				CLANG_ANALYZER_NUMBER_OBJECT_CONVERSION = YES_AGGRESSIVE;
				CLANG_CXX_LANGUAGE_STANDARD = "gnu++20";
				CLANG_ENABLE_MODULES = YES;
				CLANG_ENABLE_OBJC_ARC = YES;
				CLANG_ENABLE_OBJC_WEAK = YES;
				CLANG_WARN_BLOCK_CAPTURE_AUTORELEASING = YES;
				CLANG_WARN_BOOL_CONVERSION = YES;
				CLANG_WARN_COMMA = YES;
				CLANG_WARN_CONSTANT_CONVERSION = YES;
				CLANG_WARN_DEPRECATED_OBJC_IMPLEMENTATIONS = YES;
				CLANG_WARN_DIRECT_OBJC_ISA_USAGE = YES_ERROR;
				CLANG_WARN_DOCUMENTATION_COMMENTS = YES;
				CLANG_WARN_EMPTY_BODY = YES;
				CLANG_WARN_ENUM_CONVERSION = YES;
				CLANG_WARN_INFINITE_RECURSION = YES;
				CLANG_WARN_INT_CONVERSION = YES;
				CLANG_WARN_NON_LITERAL_NULL_CONVERSION = YES;
				CLANG_WARN_OBJC_IMPLICIT_RETAIN_SELF = YES;
				CLANG_WARN_OBJC_LITERAL_CONVERSION = YES;
				CLANG_WARN_OBJC_ROOT_CLASS = YES_ERROR;
				CLANG_WARN_QUOTED_INCLUDE_IN_FRAMEWORK_HEADER = YES;
				CLANG_WARN_RANGE_LOOP_ANALYSIS = YES;
				CLANG_WARN_STRICT_PROTOTYPES = YES;
				CLANG_WARN_SUSPICIOUS_MOVE = YES;
				CLANG_WARN_UNGUARDED_AVAILABILITY = YES_AGGRESSIVE;
				CLANG_WARN_UNREACHABLE_CODE = YES;
				CLANG_WARN__DUPLICATE_METHOD_MATCH = YES;
				COPY_PHASE_STRIP = NO;
				DEBUG_INFORMATION_FORMAT = dwarf;
				ENABLE_STRICT_OBJC_MSGSEND = YES;
				ENABLE_TESTABILITY = YES;
				ENABLE_USER_SCRIPT_SANDBOXING = YES;
				GCC_C_LANGUAGE_STANDARD = gnu17;
				GCC_DYNAMIC_NO_PIC = NO;
				GCC_NO_COMMON_BLOCKS = YES;
				GCC_OPTIMIZATION_LEVEL = 0;
				GCC_PREPROCESSOR_DEFINITIONS = (
					"DEBUG=1",
					"$(inherited)",
				);
				GCC_WARN_64_TO_32_BIT_CONVERSION = YES;
				GCC_WARN_ABOUT_RETURN_TYPE = YES_ERROR;
				GCC_WARN_UNDECLARED_SELECTOR = YES;
				GCC_WARN_UNINITIALIZED_AUTOS = YES_AGGRESSIVE;
				GCC_WARN_UNUSED_FUNCTION = YES;
				GCC_WARN_UNUSED_VARIABLE = YES;
				LOCALIZATION_PREFERS_STRING_CATALOGS = YES;
				MACOSX_DEPLOYMENT_TARGET = 14.0;
				MTL_ENABLE_DEBUG_INFO = INCLUDE_SOURCE;
				MTL_FAST_MATH = YES;
				ONLY_ACTIVE_ARCH = YES;
				SDKROOT = macosx;
				SWIFT_ACTIVE_COMPILATION_CONDITIONS = "DEBUG $(inherited)";
				SWIFT_OPTIMIZATION_LEVEL = "-Onone";
			};
			name = Debug;
		};
		0DA916D32B0C1FF900827731 /* Release */ = {
			isa = XCBuildConfiguration;
			buildSettings = {
				ALWAYS_SEARCH_USER_PATHS = NO;
				ASSETCATALOG_COMPILER_GENERATE_SWIFT_ASSET_SYMBOL_EXTENSIONS = YES;
				CLANG_ANALYZER_NONNULL = YES;
				CLANG_ANALYZER_NUMBER_OBJECT_CONVERSION = YES_AGGRESSIVE;
				CLANG_CXX_LANGUAGE_STANDARD = "gnu++20";
				CLANG_ENABLE_MODULES = YES;
				CLANG_ENABLE_OBJC_ARC = YES;
				CLANG_ENABLE_OBJC_WEAK = YES;
				CLANG_WARN_BLOCK_CAPTURE_AUTORELEASING = YES;
				CLANG_WARN_BOOL_CONVERSION = YES;
				CLANG_WARN_COMMA = YES;
				CLANG_WARN_CONSTANT_CONVERSION = YES;
				CLANG_WARN_DEPRECATED_OBJC_IMPLEMENTATIONS = YES;
				CLANG_WARN_DIRECT_OBJC_ISA_USAGE = YES_ERROR;
				CLANG_WARN_DOCUMENTATION_COMMENTS = YES;
				CLANG_WARN_EMPTY_BODY = YES;
				CLANG_WARN_ENUM_CONVERSION = YES;
				CLANG_WARN_INFINITE_RECURSION = YES;
				CLANG_WARN_INT_CONVERSION = YES;
				CLANG_WARN_NON_LITERAL_NULL_CONVERSION = YES;
				CLANG_WARN_OBJC_IMPLICIT_RETAIN_SELF = YES;
				CLANG_WARN_OBJC_LITERAL_CONVERSION = YES;
				CLANG_WARN_OBJC_ROOT_CLASS = YES_ERROR;
				CLANG_WARN_QUOTED_INCLUDE_IN_FRAMEWORK_HEADER = YES;
				CLANG_WARN_RANGE_LOOP_ANALYSIS = YES;
				CLANG_WARN_STRICT_PROTOTYPES = YES;
				CLANG_WARN_SUSPICIOUS_MOVE = YES;
				CLANG_WARN_UNGUARDED_AVAILABILITY = YES_AGGRESSIVE;
				CLANG_WARN_UNREACHABLE_CODE = YES;
				CLANG_WARN__DUPLICATE_METHOD_MATCH = YES;
				COPY_PHASE_STRIP = NO;
				DEBUG_INFORMATION_FORMAT = "dwarf-with-dsym";
				ENABLE_NS_ASSERTIONS = NO;
				ENABLE_STRICT_OBJC_MSGSEND = YES;
				ENABLE_USER_SCRIPT_SANDBOXING = YES;
				GCC_C_LANGUAGE_STANDARD = gnu17;
				GCC_NO_COMMON_BLOCKS = YES;
				GCC_WARN_64_TO_32_BIT_CONVERSION = YES;
				GCC_WARN_ABOUT_RETURN_TYPE = YES_ERROR;
				GCC_WARN_UNDECLARED_SELECTOR = YES;
				GCC_WARN_UNINITIALIZED_AUTOS = YES_AGGRESSIVE;
				GCC_WARN_UNUSED_FUNCTION = YES;
				GCC_WARN_UNUSED_VARIABLE = YES;
				LOCALIZATION_PREFERS_STRING_CATALOGS = YES;
				MACOSX_DEPLOYMENT_TARGET = 14.0;
				MTL_ENABLE_DEBUG_INFO = NO;
				MTL_FAST_MATH = YES;
				SDKROOT = macosx;
				SWIFT_COMPILATION_MODE = wholemodule;
			};
			name = Release;
		};
		0DA916D52B0C1FF900827731 /* Debug */ = {
			isa = XCBuildConfiguration;
			buildSettings = {
				ASSETCATALOG_COMPILER_APPICON_NAME = AppIcon;
				ASSETCATALOG_COMPILER_GLOBAL_ACCENT_COLOR_NAME = AccentColor;
				CODE_SIGN_ENTITLEMENTS = SpaceOpera2/SpaceOpera2.entitlements;
				CODE_SIGN_STYLE = Automatic;
				COMBINE_HIDPI_IMAGES = YES;
				CURRENT_PROJECT_VERSION = 1;
				DEVELOPMENT_TEAM = ZZP6JRWYG4;
				ENABLE_HARDENED_RUNTIME = YES;
				GENERATE_INFOPLIST_FILE = YES;
				INFOPLIST_KEY_NSHumanReadableCopyright = "";
				INFOPLIST_KEY_NSMainStoryboardFile = Main;
				INFOPLIST_KEY_NSPrincipalClass = NSApplication;
				LD_RUNPATH_SEARCH_PATHS = (
					"$(inherited)",
					"@executable_path/../Frameworks",
				);
				MARKETING_VERSION = 1.0;
				PRODUCT_BUNDLE_IDENTIFIER = com.wheelerpatrick.SpaceOpera2.SpaceOpera2;
				PRODUCT_NAME = "$(TARGET_NAME)";
				SWIFT_EMIT_LOC_STRINGS = YES;
				SWIFT_VERSION = 5.0;
			};
			name = Debug;
		};
		0DA916D62B0C1FF900827731 /* Release */ = {
			isa = XCBuildConfiguration;
			buildSettings = {
				ASSETCATALOG_COMPILER_APPICON_NAME = AppIcon;
				ASSETCATALOG_COMPILER_GLOBAL_ACCENT_COLOR_NAME = AccentColor;
				CODE_SIGN_ENTITLEMENTS = SpaceOpera2/SpaceOpera2.entitlements;
				CODE_SIGN_STYLE = Automatic;
				COMBINE_HIDPI_IMAGES = YES;
				CURRENT_PROJECT_VERSION = 1;
				DEVELOPMENT_TEAM = ZZP6JRWYG4;
				ENABLE_HARDENED_RUNTIME = YES;
				GENERATE_INFOPLIST_FILE = YES;
				INFOPLIST_KEY_NSHumanReadableCopyright = "";
				INFOPLIST_KEY_NSMainStoryboardFile = Main;
				INFOPLIST_KEY_NSPrincipalClass = NSApplication;
				LD_RUNPATH_SEARCH_PATHS = (
					"$(inherited)",
					"@executable_path/../Frameworks",
				);
				MARKETING_VERSION = 1.0;
				PRODUCT_BUNDLE_IDENTIFIER = com.wheelerpatrick.SpaceOpera2.SpaceOpera2;
				PRODUCT_NAME = "$(TARGET_NAME)";
				SWIFT_EMIT_LOC_STRINGS = YES;
				SWIFT_VERSION = 5.0;
			};
			name = Release;
		};
/* End XCBuildConfiguration section */

/* Begin XCConfigurationList section */
		0DA916BA2B0C1FF700827731 /* Build configuration list for PBXProject "SpaceOpera2" */ = {
			isa = XCConfigurationList;
			buildConfigurations = (
				0DA916D22B0C1FF900827731 /* Debug */,
				0DA916D32B0C1FF900827731 /* Release */,
			);
			defaultConfigurationIsVisible = 0;
			defaultConfigurationName = Release;
		};
		0DA916D42B0C1FF900827731 /* Build configuration list for PBXNativeTarget "SpaceOpera2" */ = {
			isa = XCConfigurationList;
			buildConfigurations = (
				0DA916D52B0C1FF900827731 /* Debug */,
				0DA916D62B0C1FF900827731 /* Release */,
			);
			defaultConfigurationIsVisible = 0;
			defaultConfigurationName = Release;
		};
/* End XCConfigurationList section */
	};
	rootObject = 0DA916B72B0C1FF700827731 /* Project object */;
}
